
Microsoft Visual Studio Solution File, Format Version 12.00
# Visual Studio 15
VisualStudioVersion = 15.0.27130.2024
MinimumVisualStudioVersion = 10.0.40219.1
Project("{FAE04EC0-301F-11D3-BF4B-00C04F79EFBC}") = "TabbedPageSample.Android", "TabbedPageSample\TabbedPageSample.Android\TabbedPageSample.Android.csproj", "{108F82A1-7653-40B8-89E3-D66810D73FD5}"
EndProject
Project("{FAE04EC0-301F-11D3-BF4B-00C04F79EFBC}") = "TabbedPageSample.iOS", "TabbedPageSample\TabbedPageSample.iOS\TabbedPageSample.iOS.csproj", "{C55A0E2F-BB3C-4456-BEB3-FDA73DC64808}"
EndProject
Project("{FAE04EC0-301F-11D3-BF4B-00C04F79EFBC}") = "TabbedPageSample.UWP", "TabbedPageSample\TabbedPageSample.UWP\TabbedPageSample.UWP.csproj", "{0061D90B-C157-44A5-AD59-CD4C577EB114}"
EndProject
Project("{FAE04EC0-301F-11D3-BF4B-00C04F79EFBC}") = "TabbedPageSample", "TabbedPageSample\TabbedPageSample\TabbedPageSample.csproj", "{DA35E13B-D74B-4F9A-AF6B-EBD9E8993096}"
EndProject
Global
	GlobalSection(SolutionConfigurationPlatforms) = preSolution
		Ad-Hoc|Any CPU = Ad-Hoc|Any CPU
		Ad-Hoc|ARM = Ad-Hoc|ARM
		Ad-Hoc|iPhone = Ad-Hoc|iPhone
		Ad-Hoc|iPhoneSimulator = Ad-Hoc|iPhoneSimulator
		Ad-Hoc|x64 = Ad-Hoc|x64
		Ad-Hoc|x86 = Ad-Hoc|x86
		AppStore|Any CPU = AppStore|Any CPU
		AppStore|ARM = AppStore|ARM
		AppStore|iPhone = AppStore|iPhone
		AppStore|iPhoneSimulator = AppStore|iPhoneSimulator
		AppStore|x64 = AppStore|x64
		AppStore|x86 = AppStore|x86
		Debug|Any CPU = Debug|Any CPU
		Debug|ARM = Debug|ARM
		Debug|iPhone = Debug|iPhone
		Debug|iPhoneSimulator = Debug|iPhoneSimulator
		Debug|x64 = Debug|x64
		Debug|x86 = Debug|x86
		Release|Any CPU = Release|Any CPU
		Release|ARM = Release|ARM
		Release|iPhone = Release|iPhone
		Release|iPhoneSimulator = Release|iPhoneSimulator
		Release|x64 = Release|x64
		Release|x86 = Release|x86
	EndGlobalSection
	GlobalSection(ProjectConfigurationPlatforms) = postSolution
		{108F82A1-7653-40B8-89E3-D66810D73FD5}.Ad-Hoc|Any CPU.ActiveCfg = Release|Any CPU
		{108F82A1-7653-40B8-89E3-D66810D73FD5}.Ad-Hoc|Any CPU.Build.0 = Release|Any CPU
		{108F82A1-7653-40B8-89E3-D66810D73FD5}.Ad-Hoc|Any CPU.Deploy.0 = Release|Any CPU
		{108F82A1-7653-40B8-89E3-D66810D73FD5}.Ad-Hoc|ARM.ActiveCfg = Release|Any CPU
		{108F82A1-7653-40B8-89E3-D66810D73FD5}.Ad-Hoc|ARM.Build.0 = Release|Any CPU
		{108F82A1-7653-40B8-89E3-D66810D73FD5}.Ad-Hoc|ARM.Deploy.0 = Release|Any CPU
		{108F82A1-7653-40B8-89E3-D66810D73FD5}.Ad-Hoc|iPhone.ActiveCfg = Release|Any CPU
		{108F82A1-7653-40B8-89E3-D66810D73FD5}.Ad-Hoc|iPhone.Build.0 = Release|Any CPU
		{108F82A1-7653-40B8-89E3-D66810D73FD5}.Ad-Hoc|iPhone.Deploy.0 = Release|Any CPU
		{108F82A1-7653-40B8-89E3-D66810D73FD5}.Ad-Hoc|iPhoneSimulator.ActiveCfg = Release|Any CPU
		{108F82A1-7653-40B8-89E3-D66810D73FD5}.Ad-Hoc|iPhoneSimulator.Build.0 = Release|Any CPU
		{108F82A1-7653-40B8-89E3-D66810D73FD5}.Ad-Hoc|iPhoneSimulator.Deploy.0 = Release|Any CPU
		{108F82A1-7653-40B8-89E3-D66810D73FD5}.Ad-Hoc|x64.ActiveCfg = Release|Any CPU
		{108F82A1-7653-40B8-89E3-D66810D73FD5}.Ad-Hoc|x64.Build.0 = Release|Any CPU
		{108F82A1-7653-40B8-89E3-D66810D73FD5}.Ad-Hoc|x64.Deploy.0 = Release|Any CPU
		{108F82A1-7653-40B8-89E3-D66810D73FD5}.Ad-Hoc|x86.ActiveCfg = Release|Any CPU
		{108F82A1-7653-40B8-89E3-D66810D73FD5}.Ad-Hoc|x86.Build.0 = Release|Any CPU
		{108F82A1-7653-40B8-89E3-D66810D73FD5}.Ad-Hoc|x86.Deploy.0 = Release|Any CPU
		{108F82A1-7653-40B8-89E3-D66810D73FD5}.AppStore|Any CPU.ActiveCfg = Release|Any CPU
		{108F82A1-7653-40B8-89E3-D66810D73FD5}.AppStore|Any CPU.Build.0 = Release|Any CPU
		{108F82A1-7653-40B8-89E3-D66810D73FD5}.AppStore|Any CPU.Deploy.0 = Release|Any CPU
		{108F82A1-7653-40B8-89E3-D66810D73FD5}.AppStore|ARM.ActiveCfg = Release|Any CPU
		{108F82A1-7653-40B8-89E3-D66810D73FD5}.AppStore|ARM.Build.0 = Release|Any CPU
		{108F82A1-7653-40B8-89E3-D66810D73FD5}.AppStore|ARM.Deploy.0 = Release|Any CPU
		{108F82A1-7653-40B8-89E3-D66810D73FD5}.AppStore|iPhone.ActiveCfg = Release|Any CPU
		{108F82A1-7653-40B8-89E3-D66810D73FD5}.AppStore|iPhone.Build.0 = Release|Any CPU
		{108F82A1-7653-40B8-89E3-D66810D73FD5}.AppStore|iPhone.Deploy.0 = Release|Any CPU
		{108F82A1-7653-40B8-89E3-D66810D73FD5}.AppStore|iPhoneSimulator.ActiveCfg = Release|Any CPU
		{108F82A1-7653-40B8-89E3-D66810D73FD5}.AppStore|iPhoneSimulator.Build.0 = Release|Any CPU
		{108F82A1-7653-40B8-89E3-D66810D73FD5}.AppStore|iPhoneSimulator.Deploy.0 = Release|Any CPU
		{108F82A1-7653-40B8-89E3-D66810D73FD5}.AppStore|x64.ActiveCfg = Release|Any CPU
		{108F82A1-7653-40B8-89E3-D66810D73FD5}.AppStore|x64.Build.0 = Release|Any CPU
		{108F82A1-7653-40B8-89E3-D66810D73FD5}.AppStore|x64.Deploy.0 = Release|Any CPU
		{108F82A1-7653-40B8-89E3-D66810D73FD5}.AppStore|x86.ActiveCfg = Release|Any CPU
		{108F82A1-7653-40B8-89E3-D66810D73FD5}.AppStore|x86.Build.0 = Release|Any CPU
		{108F82A1-7653-40B8-89E3-D66810D73FD5}.AppStore|x86.Deploy.0 = Release|Any CPU
		{108F82A1-7653-40B8-89E3-D66810D73FD5}.Debug|Any CPU.ActiveCfg = Debug|Any CPU
		{108F82A1-7653-40B8-89E3-D66810D73FD5}.Debug|Any CPU.Build.0 = Debug|Any CPU
		{108F82A1-7653-40B8-89E3-D66810D73FD5}.Debug|Any CPU.Deploy.0 = Debug|Any CPU
		{108F82A1-7653-40B8-89E3-D66810D73FD5}.Debug|ARM.ActiveCfg = Debug|Any CPU
		{108F82A1-7653-40B8-89E3-D66810D73FD5}.Debug|ARM.Build.0 = Debug|Any CPU
		{108F82A1-7653-40B8-89E3-D66810D73FD5}.Debug|ARM.Deploy.0 = Debug|Any CPU
		{108F82A1-7653-40B8-89E3-D66810D73FD5}.Debug|iPhone.ActiveCfg = Debug|Any CPU
		{108F82A1-7653-40B8-89E3-D66810D73FD5}.Debug|iPhone.Build.0 = Debug|Any CPU
		{108F82A1-7653-40B8-89E3-D66810D73FD5}.Debug|iPhone.Deploy.0 = Debug|Any CPU
		{108F82A1-7653-40B8-89E3-D66810D73FD5}.Debug|iPhoneSimulator.ActiveCfg = Debug|Any CPU
		{108F82A1-7653-40B8-89E3-D66810D73FD5}.Debug|iPhoneSimulator.Build.0 = Debug|Any CPU
		{108F82A1-7653-40B8-89E3-D66810D73FD5}.Debug|iPhoneSimulator.Deploy.0 = Debug|Any CPU
		{108F82A1-7653-40B8-89E3-D66810D73FD5}.Debug|x64.ActiveCfg = Debug|Any CPU
		{108F82A1-7653-40B8-89E3-D66810D73FD5}.Debug|x64.Build.0 = Debug|Any CPU
		{108F82A1-7653-40B8-89E3-D66810D73FD5}.Debug|x64.Deploy.0 = Debug|Any CPU
		{108F82A1-7653-40B8-89E3-D66810D73FD5}.Debug|x86.ActiveCfg = Debug|Any CPU
		{108F82A1-7653-40B8-89E3-D66810D73FD5}.Debug|x86.Build.0 = Debug|Any CPU
		{108F82A1-7653-40B8-89E3-D66810D73FD5}.Debug|x86.Deploy.0 = Debug|Any CPU
		{108F82A1-7653-40B8-89E3-D66810D73FD5}.Release|Any CPU.ActiveCfg = Release|Any CPU
		{108F82A1-7653-40B8-89E3-D66810D73FD5}.Release|Any CPU.Build.0 = Release|Any CPU
		{108F82A1-7653-40B8-89E3-D66810D73FD5}.Release|Any CPU.Deploy.0 = Release|Any CPU
		{108F82A1-7653-40B8-89E3-D66810D73FD5}.Release|ARM.ActiveCfg = Release|Any CPU
		{108F82A1-7653-40B8-89E3-D66810D73FD5}.Release|ARM.Build.0 = Release|Any CPU
		{108F82A1-7653-40B8-89E3-D66810D73FD5}.Release|ARM.Deploy.0 = Release|Any CPU
		{108F82A1-7653-40B8-89E3-D66810D73FD5}.Release|iPhone.ActiveCfg = Release|Any CPU
		{108F82A1-7653-40B8-89E3-D66810D73FD5}.Release|iPhone.Build.0 = Release|Any CPU
		{108F82A1-7653-40B8-89E3-D66810D73FD5}.Release|iPhone.Deploy.0 = Release|Any CPU
		{108F82A1-7653-40B8-89E3-D66810D73FD5}.Release|iPhoneSimulator.ActiveCfg = Release|Any CPU
		{108F82A1-7653-40B8-89E3-D66810D73FD5}.Release|iPhoneSimulator.Build.0 = Release|Any CPU
		{108F82A1-7653-40B8-89E3-D66810D73FD5}.Release|iPhoneSimulator.Deploy.0 = Release|Any CPU
		{108F82A1-7653-40B8-89E3-D66810D73FD5}.Release|x64.ActiveCfg = Release|Any CPU
		{108F82A1-7653-40B8-89E3-D66810D73FD5}.Release|x64.Build.0 = Release|Any CPU
		{108F82A1-7653-40B8-89E3-D66810D73FD5}.Release|x64.Deploy.0 = Release|Any CPU
		{108F82A1-7653-40B8-89E3-D66810D73FD5}.Release|x86.ActiveCfg = Release|Any CPU
		{108F82A1-7653-40B8-89E3-D66810D73FD5}.Release|x86.Build.0 = Release|Any CPU
		{108F82A1-7653-40B8-89E3-D66810D73FD5}.Release|x86.Deploy.0 = Release|Any CPU
		{C55A0E2F-BB3C-4456-BEB3-FDA73DC64808}.Ad-Hoc|Any CPU.ActiveCfg = Ad-Hoc|iPhone
		{C55A0E2F-BB3C-4456-BEB3-FDA73DC64808}.Ad-Hoc|ARM.ActiveCfg = Ad-Hoc|iPhone
		{C55A0E2F-BB3C-4456-BEB3-FDA73DC64808}.Ad-Hoc|iPhone.ActiveCfg = Ad-Hoc|iPhone
		{C55A0E2F-BB3C-4456-BEB3-FDA73DC64808}.Ad-Hoc|iPhone.Build.0 = Ad-Hoc|iPhone
		{C55A0E2F-BB3C-4456-BEB3-FDA73DC64808}.Ad-Hoc|iPhoneSimulator.ActiveCfg = Ad-Hoc|iPhoneSimulator
		{C55A0E2F-BB3C-4456-BEB3-FDA73DC64808}.Ad-Hoc|iPhoneSimulator.Build.0 = Ad-Hoc|iPhoneSimulator
		{C55A0E2F-BB3C-4456-BEB3-FDA73DC64808}.Ad-Hoc|x64.ActiveCfg = Ad-Hoc|iPhone
		{C55A0E2F-BB3C-4456-BEB3-FDA73DC64808}.Ad-Hoc|x86.ActiveCfg = Ad-Hoc|iPhone
		{C55A0E2F-BB3C-4456-BEB3-FDA73DC64808}.AppStore|Any CPU.ActiveCfg = AppStore|iPhone
		{C55A0E2F-BB3C-4456-BEB3-FDA73DC64808}.AppStore|ARM.ActiveCfg = AppStore|iPhone
		{C55A0E2F-BB3C-4456-BEB3-FDA73DC64808}.AppStore|iPhone.ActiveCfg = AppStore|iPhone
		{C55A0E2F-BB3C-4456-BEB3-FDA73DC64808}.AppStore|iPhone.Build.0 = AppStore|iPhone
		{C55A0E2F-BB3C-4456-BEB3-FDA73DC64808}.AppStore|iPhoneSimulator.ActiveCfg = AppStore|iPhoneSimulator
		{C55A0E2F-BB3C-4456-BEB3-FDA73DC64808}.AppStore|iPhoneSimulator.Build.0 = AppStore|iPhoneSimulator
		{C55A0E2F-BB3C-4456-BEB3-FDA73DC64808}.AppStore|x64.ActiveCfg = AppStore|iPhone
		{C55A0E2F-BB3C-4456-BEB3-FDA73DC64808}.AppStore|x86.ActiveCfg = AppStore|iPhone
		{C55A0E2F-BB3C-4456-BEB3-FDA73DC64808}.Debug|Any CPU.ActiveCfg = Debug|iPhone
		{C55A0E2F-BB3C-4456-BEB3-FDA73DC64808}.Debug|ARM.ActiveCfg = Debug|iPhone
		{C55A0E2F-BB3C-4456-BEB3-FDA73DC64808}.Debug|iPhone.ActiveCfg = Debug|iPhone
		{C55A0E2F-BB3C-4456-BEB3-FDA73DC64808}.Debug|iPhone.Build.0 = Debug|iPhone
		{C55A0E2F-BB3C-4456-BEB3-FDA73DC64808}.Debug|iPhoneSimulator.ActiveCfg = Debug|iPhoneSimulator
		{C55A0E2F-BB3C-4456-BEB3-FDA73DC64808}.Debug|iPhoneSimulator.Build.0 = Debug|iPhoneSimulator
		{C55A0E2F-BB3C-4456-BEB3-FDA73DC64808}.Debug|x64.ActiveCfg = Debug|iPhone
		{C55A0E2F-BB3C-4456-BEB3-FDA73DC64808}.Debug|x86.ActiveCfg = Debug|iPhone
		{C55A0E2F-BB3C-4456-BEB3-FDA73DC64808}.Release|Any CPU.ActiveCfg = Release|iPhone
		{C55A0E2F-BB3C-4456-BEB3-FDA73DC64808}.Release|ARM.ActiveCfg = Release|iPhone
		{C55A0E2F-BB3C-4456-BEB3-FDA73DC64808}.Release|iPhone.ActiveCfg = Release|iPhone
		{C55A0E2F-BB3C-4456-BEB3-FDA73DC64808}.Release|iPhone.Build.0 = Release|iPhone
		{C55A0E2F-BB3C-4456-BEB3-FDA73DC64808}.Release|iPhoneSimulator.ActiveCfg = Release|iPhoneSimulator
		{C55A0E2F-BB3C-4456-BEB3-FDA73DC64808}.Release|iPhoneSimulator.Build.0 = Release|iPhoneSimulator
		{C55A0E2F-BB3C-4456-BEB3-FDA73DC64808}.Release|x64.ActiveCfg = Release|iPhone
		{C55A0E2F-BB3C-4456-BEB3-FDA73DC64808}.Release|x86.ActiveCfg = Release|iPhone
		{0061D90B-C157-44A5-AD59-CD4C577EB114}.Ad-Hoc|Any CPU.ActiveCfg = Release|x86
		{0061D90B-C157-44A5-AD59-CD4C577EB114}.Ad-Hoc|Any CPU.Build.0 = Release|x86
		{0061D90B-C157-44A5-AD59-CD4C577EB114}.Ad-Hoc|Any CPU.Deploy.0 = Release|x86
		{0061D90B-C157-44A5-AD59-CD4C577EB114}.Ad-Hoc|ARM.ActiveCfg = Release|ARM
		{0061D90B-C157-44A5-AD59-CD4C577EB114}.Ad-Hoc|ARM.Build.0 = Release|ARM
		{0061D90B-C157-44A5-AD59-CD4C577EB114}.Ad-Hoc|ARM.Deploy.0 = Release|ARM
		{0061D90B-C157-44A5-AD59-CD4C577EB114}.Ad-Hoc|iPhone.ActiveCfg = Release|x86
		{0061D90B-C157-44A5-AD59-CD4C577EB114}.Ad-Hoc|iPhone.Build.0 = Release|x86
		{0061D90B-C157-44A5-AD59-CD4C577EB114}.Ad-Hoc|iPhone.Deploy.0 = Release|x86
		{0061D90B-C157-44A5-AD59-CD4C577EB114}.Ad-Hoc|iPhoneSimulator.ActiveCfg = Release|x86
		{0061D90B-C157-44A5-AD59-CD4C577EB114}.Ad-Hoc|iPhoneSimulator.Build.0 = Release|x86
		{0061D90B-C157-44A5-AD59-CD4C577EB114}.Ad-Hoc|iPhoneSimulator.Deploy.0 = Release|x86
		{0061D90B-C157-44A5-AD59-CD4C577EB114}.Ad-Hoc|x64.ActiveCfg = Release|x64
		{0061D90B-C157-44A5-AD59-CD4C577EB114}.Ad-Hoc|x64.Build.0 = Release|x64
		{0061D90B-C157-44A5-AD59-CD4C577EB114}.Ad-Hoc|x64.Deploy.0 = Release|x64
		{0061D90B-C157-44A5-AD59-CD4C577EB114}.Ad-Hoc|x86.ActiveCfg = Release|x86
		{0061D90B-C157-44A5-AD59-CD4C577EB114}.Ad-Hoc|x86.Build.0 = Release|x86
		{0061D90B-C157-44A5-AD59-CD4C577EB114}.Ad-Hoc|x86.Deploy.0 = Release|x86
		{0061D90B-C157-44A5-AD59-CD4C577EB114}.AppStore|Any CPU.ActiveCfg = Release|x86
		{0061D90B-C157-44A5-AD59-CD4C577EB114}.AppStore|Any CPU.Build.0 = Release|x86
		{0061D90B-C157-44A5-AD59-CD4C577EB114}.AppStore|Any CPU.Deploy.0 = Release|x86
		{0061D90B-C157-44A5-AD59-CD4C577EB114}.AppStore|ARM.ActiveCfg = Release|ARM
		{0061D90B-C157-44A5-AD59-CD4C577EB114}.AppStore|ARM.Build.0 = Release|ARM
		{0061D90B-C157-44A5-AD59-CD4C577EB114}.AppStore|ARM.Deploy.0 = Release|ARM
		{0061D90B-C157-44A5-AD59-CD4C577EB114}.AppStore|iPhone.ActiveCfg = Release|x86
		{0061D90B-C157-44A5-AD59-CD4C577EB114}.AppStore|iPhone.Build.0 = Release|x86
		{0061D90B-C157-44A5-AD59-CD4C577EB114}.AppStore|iPhone.Deploy.0 = Release|x86
		{0061D90B-C157-44A5-AD59-CD4C577EB114}.AppStore|iPhoneSimulator.ActiveCfg = Release|x86
		{0061D90B-C157-44A5-AD59-CD4C577EB114}.AppStore|iPhoneSimulator.Build.0 = Release|x86
		{0061D90B-C157-44A5-AD59-CD4C577EB114}.AppStore|iPhoneSimulator.Deploy.0 = Release|x86
		{0061D90B-C157-44A5-AD59-CD4C577EB114}.AppStore|x64.ActiveCfg = Release|x64
		{0061D90B-C157-44A5-AD59-CD4C577EB114}.AppStore|x64.Build.0 = Release|x64
		{0061D90B-C157-44A5-AD59-CD4C577EB114}.AppStore|x64.Deploy.0 = Release|x64
		{0061D90B-C157-44A5-AD59-CD4C577EB114}.AppStore|x86.ActiveCfg = Release|x86
		{0061D90B-C157-44A5-AD59-CD4C577EB114}.AppStore|x86.Build.0 = Release|x86
		{0061D90B-C157-44A5-AD59-CD4C577EB114}.AppStore|x86.Deploy.0 = Release|x86
		{0061D90B-C157-44A5-AD59-CD4C577EB114}.Debug|Any CPU.ActiveCfg = Debug|x86
		{0061D90B-C157-44A5-AD59-CD4C577EB114}.Debug|ARM.ActiveCfg = Debug|ARM
		{0061D90B-C157-44A5-AD59-CD4C577EB114}.Debug|ARM.Build.0 = Debug|ARM
		{0061D90B-C157-44A5-AD59-CD4C577EB114}.Debug|ARM.Deploy.0 = Debug|ARM
		{0061D90B-C157-44A5-AD59-CD4C577EB114}.Debug|iPhone.ActiveCfg = Debug|x86
		{0061D90B-C157-44A5-AD59-CD4C577EB114}.Debug|iPhoneSimulator.ActiveCfg = Debug|x86
		{0061D90B-C157-44A5-AD59-CD4C577EB114}.Debug|x64.ActiveCfg = Debug|x64
		{0061D90B-C157-44A5-AD59-CD4C577EB114}.Debug|x64.Build.0 = Debug|x64
		{0061D90B-C157-44A5-AD59-CD4C577EB114}.Debug|x64.Deploy.0 = Debug|x64
		{0061D90B-C157-44A5-AD59-CD4C577EB114}.Debug|x86.ActiveCfg = Debug|x86
		{0061D90B-C157-44A5-AD59-CD4C577EB114}.Debug|x86.Build.0 = Debug|x86
		{0061D90B-C157-44A5-AD59-CD4C577EB114}.Debug|x86.Deploy.0 = Debug|x86
		{0061D90B-C157-44A5-AD59-CD4C577EB114}.Release|Any CPU.ActiveCfg = Release|x86
		{0061D90B-C157-44A5-AD59-CD4C577EB114}.Release|ARM.ActiveCfg = Release|ARM
		{0061D90B-C157-44A5-AD59-CD4C577EB114}.Release|ARM.Build.0 = Release|ARM
		{0061D90B-C157-44A5-AD59-CD4C577EB114}.Release|ARM.Deploy.0 = Release|ARM
		{0061D90B-C157-44A5-AD59-CD4C577EB114}.Release|iPhone.ActiveCfg = Release|x86
		{0061D90B-C157-44A5-AD59-CD4C577EB114}.Release|iPhoneSimulator.ActiveCfg = Release|x86
		{0061D90B-C157-44A5-AD59-CD4C577EB114}.Release|x64.ActiveCfg = Release|x64
		{0061D90B-C157-44A5-AD59-CD4C577EB114}.Release|x64.Build.0 = Release|x64
		{0061D90B-C157-44A5-AD59-CD4C577EB114}.Release|x64.Deploy.0 = Release|x64
		{0061D90B-C157-44A5-AD59-CD4C577EB114}.Release|x86.ActiveCfg = Release|x86
		{0061D90B-C157-44A5-AD59-CD4C577EB114}.Release|x86.Build.0 = Release|x86
		{0061D90B-C157-44A5-AD59-CD4C577EB114}.Release|x86.Deploy.0 = Release|x86
		{DA35E13B-D74B-4F9A-AF6B-EBD9E8993096}.Ad-Hoc|Any CPU.ActiveCfg = Debug|Any CPU
		{DA35E13B-D74B-4F9A-AF6B-EBD9E8993096}.Ad-Hoc|Any CPU.Build.0 = Debug|Any CPU
		{DA35E13B-D74B-4F9A-AF6B-EBD9E8993096}.Ad-Hoc|ARM.ActiveCfg = Debug|Any CPU
		{DA35E13B-D74B-4F9A-AF6B-EBD9E8993096}.Ad-Hoc|ARM.Build.0 = Debug|Any CPU
		{DA35E13B-D74B-4F9A-AF6B-EBD9E8993096}.Ad-Hoc|iPhone.ActiveCfg = Debug|Any CPU
		{DA35E13B-D74B-4F9A-AF6B-EBD9E8993096}.Ad-Hoc|iPhone.Build.0 = Debug|Any CPU
		{DA35E13B-D74B-4F9A-AF6B-EBD9E8993096}.Ad-Hoc|iPhoneSimulator.ActiveCfg = Debug|Any CPU
		{DA35E13B-D74B-4F9A-AF6B-EBD9E8993096}.Ad-Hoc|iPhoneSimulator.Build.0 = Debug|Any CPU
		{DA35E13B-D74B-4F9A-AF6B-EBD9E8993096}.Ad-Hoc|x64.ActiveCfg = Debug|Any CPU
		{DA35E13B-D74B-4F9A-AF6B-EBD9E8993096}.Ad-Hoc|x64.Build.0 = Debug|Any CPU
		{DA35E13B-D74B-4F9A-AF6B-EBD9E8993096}.Ad-Hoc|x86.ActiveCfg = Debug|Any CPU
		{DA35E13B-D74B-4F9A-AF6B-EBD9E8993096}.Ad-Hoc|x86.Build.0 = Debug|Any CPU
		{DA35E13B-D74B-4F9A-AF6B-EBD9E8993096}.AppStore|Any CPU.ActiveCfg = Debug|Any CPU
		{DA35E13B-D74B-4F9A-AF6B-EBD9E8993096}.AppStore|Any CPU.Build.0 = Debug|Any CPU
		{DA35E13B-D74B-4F9A-AF6B-EBD9E8993096}.AppStore|ARM.ActiveCfg = Debug|Any CPU
		{DA35E13B-D74B-4F9A-AF6B-EBD9E8993096}.AppStore|ARM.Build.0 = Debug|Any CPU
		{DA35E13B-D74B-4F9A-AF6B-EBD9E8993096}.AppStore|iPhone.ActiveCfg = Debug|Any CPU
		{DA35E13B-D74B-4F9A-AF6B-EBD9E8993096}.AppStore|iPhone.Build.0 = Debug|Any CPU
		{DA35E13B-D74B-4F9A-AF6B-EBD9E8993096}.AppStore|iPhoneSimulator.ActiveCfg = Debug|Any CPU
		{DA35E13B-D74B-4F9A-AF6B-EBD9E8993096}.AppStore|iPhoneSimulator.Build.0 = Debug|Any CPU
		{DA35E13B-D74B-4F9A-AF6B-EBD9E8993096}.AppStore|x64.ActiveCfg = Debug|Any CPU
		{DA35E13B-D74B-4F9A-AF6B-EBD9E8993096}.AppStore|x64.Build.0 = Debug|Any CPU
		{DA35E13B-D74B-4F9A-AF6B-EBD9E8993096}.AppStore|x86.ActiveCfg = Debug|Any CPU
		{DA35E13B-D74B-4F9A-AF6B-EBD9E8993096}.AppStore|x86.Build.0 = Debug|Any CPU
		{DA35E13B-D74B-4F9A-AF6B-EBD9E8993096}.Debug|Any CPU.ActiveCfg = Debug|Any CPU
		{DA35E13B-D74B-4F9A-AF6B-EBD9E8993096}.Debug|Any CPU.Build.0 = Debug|Any CPU
		{DA35E13B-D74B-4F9A-AF6B-EBD9E8993096}.Debug|ARM.ActiveCfg = Debug|Any CPU
		{DA35E13B-D74B-4F9A-AF6B-EBD9E8993096}.Debug|ARM.Build.0 = Debug|Any CPU
		{DA35E13B-D74B-4F9A-AF6B-EBD9E8993096}.Debug|iPhone.ActiveCfg = Debug|Any CPU
		{DA35E13B-D74B-4F9A-AF6B-EBD9E8993096}.Debug|iPhone.Build.0 = Debug|Any CPU
		{DA35E13B-D74B-4F9A-AF6B-EBD9E8993096}.Debug|iPhoneSimulator.ActiveCfg = Debug|Any CPU
		{DA35E13B-D74B-4F9A-AF6B-EBD9E8993096}.Debug|iPhoneSimulator.Build.0 = Debug|Any CPU
		{DA35E13B-D74B-4F9A-AF6B-EBD9E8993096}.Debug|x64.ActiveCfg = Debug|Any CPU
		{DA35E13B-D74B-4F9A-AF6B-EBD9E8993096}.Debug|x64.Build.0 = Debug|Any CPU
		{DA35E13B-D74B-4F9A-AF6B-EBD9E8993096}.Debug|x86.ActiveCfg = Debug|Any CPU
		{DA35E13B-D74B-4F9A-AF6B-EBD9E8993096}.Debug|x86.Build.0 = Debug|Any CPU
		{DA35E13B-D74B-4F9A-AF6B-EBD9E8993096}.Release|Any CPU.ActiveCfg = Release|Any CPU
		{DA35E13B-D74B-4F9A-AF6B-EBD9E8993096}.Release|Any CPU.Build.0 = Release|Any CPU
		{DA35E13B-D74B-4F9A-AF6B-EBD9E8993096}.Release|ARM.ActiveCfg = Release|Any CPU
		{DA35E13B-D74B-4F9A-AF6B-EBD9E8993096}.Release|ARM.Build.0 = Release|Any CPU
		{DA35E13B-D74B-4F9A-AF6B-EBD9E8993096}.Release|iPhone.ActiveCfg = Release|Any CPU
		{DA35E13B-D74B-4F9A-AF6B-EBD9E8993096}.Release|iPhone.Build.0 = Release|Any CPU
		{DA35E13B-D74B-4F9A-AF6B-EBD9E8993096}.Release|iPhoneSimulator.ActiveCfg = Release|Any CPU
		{DA35E13B-D74B-4F9A-AF6B-EBD9E8993096}.Release|iPhoneSimulator.Build.0 = Release|Any CPU
		{DA35E13B-D74B-4F9A-AF6B-EBD9E8993096}.Release|x64.ActiveCfg = Release|Any CPU
		{DA35E13B-D74B-4F9A-AF6B-EBD9E8993096}.Release|x64.Build.0 = Release|Any CPU
		{DA35E13B-D74B-4F9A-AF6B-EBD9E8993096}.Release|x86.ActiveCfg = Release|Any CPU
		{DA35E13B-D74B-4F9A-AF6B-EBD9E8993096}.Release|x86.Build.0 = Release|Any CPU
	EndGlobalSection
	GlobalSection(SolutionProperties) = preSolution
		HideSolutionNode = FALSE
	EndGlobalSection
	GlobalSection(ExtensibilityGlobals) = postSolution
		SolutionGuid = {B321EE2C-D28D-4B96-B982-7E4DDC3ECB70}
	EndGlobalSection
EndGlobal
